
Microsoft Visual Studio Solution File, Format Version 12.00
# Visual Studio 14
VisualStudioVersion = 14.0.25420.1
MinimumVisualStudioVersion = 10.0.40219.1
Project("{FAE04EC0-301F-11D3-BF4B-00C04F79EFBC}") = "Apprendre_a_coder_pour_debutant", "Apprendre_a_coder_pour_debutant\Apprendre_a_coder_pour_debutant.csproj", "{453DA284-D047-4069-928D-304621CCF2B9}"
EndProject
Project("{FAE04EC0-301F-11D3-BF4B-00C04F79EFBC}") = "ApprendreACoder_WPF", "ApprendreACoder_WPF\ApprendreACoder_WPF.csproj", "{3B337850-76C8-408E-8C6D-270A5380E4C6}"
EndProject
Global
	GlobalSection(SolutionConfigurationPlatforms) = preSolution
		Debug|Any CPU = Debug|Any CPU
		Release|Any CPU = Release|Any CPU
	EndGlobalSection
	GlobalSection(ProjectConfigurationPlatforms) = postSolution
		{453DA284-D047-4069-928D-304621CCF2B9}.Debug|Any CPU.ActiveCfg = Debug|Any CPU
		{453DA284-D047-4069-928D-304621CCF2B9}.Debug|Any CPU.Build.0 = Debug|Any CPU
		{453DA284-D047-4069-928D-304621CCF2B9}.Release|Any CPU.ActiveCfg = Release|Any CPU
		{453DA284-D047-4069-928D-304621CCF2B9}.Release|Any CPU.Build.0 = Release|Any CPU
		{3B337850-76C8-408E-8C6D-270A5380E4C6}.Debug|Any CPU.ActiveCfg = Debug|Any CPU
		{3B337850-76C8-408E-8C6D-270A5380E4C6}.Debug|Any CPU.Build.0 = Debug|Any CPU
		{3B337850-76C8-408E-8C6D-270A5380E4C6}.Release|Any CPU.ActiveCfg = Release|Any CPU
		{3B337850-76C8-408E-8C6D-270A5380E4C6}.Release|Any CPU.Build.0 = Release|Any CPU
	EndGlobalSection
	GlobalSection(SolutionProperties) = preSolution
		HideSolutionNode = FALSE
	EndGlobalSection
EndGlobal
